{
  "name": "card-matching-game",
  "version": "1.0.0",
  "lockfileVersion": 3,
  "requires": true,
  "packages": {
    "": {
      "name": "card-matching-game",
      "version": "1.0.0",
      "license": "ISC",
      "dependencies": {
        "unidecode": "^1.0.1"
      }
    },
    "node_modules/unidecode": {
      "version": "1.0.1",
      "resolved": "https://registry.npmjs.org/unidecode/-/unidecode-1.0.1.tgz",
      "integrity": "sha512-9t2iq9jV5+FtXDDyNwMk6Tm0UjoOahc2aqA8B5gG0ED/DsFWHiMdKvEF/R+1gLGFHuzWaNZjbfj+Hf0KQYz+Yg==",
      "engines": {
        "node": ">= 0.4.12"
      }
    }
  }
}
